// !$*UTF8*$!
{
	archiveVersion = 1;
	classes = {
	};
	objectVersion = 50;
	objects = {

/* Begin PBXBuildFile section */
		FA03DE132601A7B300285D05 /* CommonModels.swift in Sources */ = {isa = PBXBuildFile; fileRef = FA03DE122601A7B300285D05 /* CommonModels.swift */; };
		FA03DE222602006700285D05 /* CustomCollectionViewCell.swift in Sources */ = {isa = PBXBuildFile; fileRef = FA03DE202602006700285D05 /* CustomCollectionViewCell.swift */; };
		FA03DE232602006700285D05 /* CustomCollectionViewCell.xib in Resources */ = {isa = PBXBuildFile; fileRef = FA03DE212602006700285D05 /* CustomCollectionViewCell.xib */; };
		FADC943D2600561D00C9D671 /* AppDelegate.swift in Sources */ = {isa = PBXBuildFile; fileRef = FADC943C2600561D00C9D671 /* AppDelegate.swift */; };
		FADC943F2600561D00C9D671 /* SceneDelegate.swift in Sources */ = {isa = PBXBuildFile; fileRef = FADC943E2600561D00C9D671 /* SceneDelegate.swift */; };
		FADC94462600562300C9D671 /* Assets.xcassets in Resources */ = {isa = PBXBuildFile; fileRef = FADC94452600562300C9D671 /* Assets.xcassets */; };
		FADC94492600562300C9D671 /* LaunchScreen.storyboard in Resources */ = {isa = PBXBuildFile; fileRef = FADC94472600562300C9D671 /* LaunchScreen.storyboard */; };
		FADC9456260056CF00C9D671 /* HomeViewController.swift in Sources */ = {isa = PBXBuildFile; fileRef = FADC9455260056CF00C9D671 /* HomeViewController.swift */; };
		FADC9458260056E200C9D671 /* Home.storyboard in Resources */ = {isa = PBXBuildFile; fileRef = FADC9457260056E200C9D671 /* Home.storyboard */; };
		FADC945B26008C1900C9D671 /* DetailsViewController.swift in Sources */ = {isa = PBXBuildFile; fileRef = FADC945A26008C1900C9D671 /* DetailsViewController.swift */; };
		FADC945D26008C3300C9D671 /* Details.storyboard in Resources */ = {isa = PBXBuildFile; fileRef = FADC945C26008C3300C9D671 /* Details.storyboard */; };
		FADC945F26018AE800C9D671 /* UIView+Extension.swift in Sources */ = {isa = PBXBuildFile; fileRef = FADC945E26018AE800C9D671 /* UIView+Extension.swift */; };
/* End PBXBuildFile section */

/* Begin PBXFileReference section */
		FA03DE122601A7B300285D05 /* CommonModels.swift */ = {isa = PBXFileReference; lastKnownFileType = sourcecode.swift; path = CommonModels.swift; sourceTree = "<group>"; };
		FA03DE202602006700285D05 /* CustomCollectionViewCell.swift */ = {isa = PBXFileReference; lastKnownFileType = sourcecode.swift; path = CustomCollectionViewCell.swift; sourceTree = "<group>"; };
		FA03DE212602006700285D05 /* CustomCollectionViewCell.xib */ = {isa = PBXFileReference; lastKnownFileType = file.xib; path = CustomCollectionViewCell.xib; sourceTree = "<group>"; };
		FADC94392600561D00C9D671 /* W1-Project-Gumi.app */ = {isa = PBXFileReference; explicitFileType = wrapper.application; includeInIndex = 0; path = "W1-Project-Gumi.app"; sourceTree = BUILT_PRODUCTS_DIR; };
		FADC943C2600561D00C9D671 /* AppDelegate.swift */ = {isa = PBXFileReference; lastKnownFileType = sourcecode.swift; path = AppDelegate.swift; sourceTree = "<group>"; };
		FADC943E2600561D00C9D671 /* SceneDelegate.swift */ = {isa = PBXFileReference; lastKnownFileType = sourcecode.swift; path = SceneDelegate.swift; sourceTree = "<group>"; };
		FADC94452600562300C9D671 /* Assets.xcassets */ = {isa = PBXFileReference; lastKnownFileType = folder.assetcatalog; path = Assets.xcassets; sourceTree = "<group>"; };
		FADC94482600562300C9D671 /* Base */ = {isa = PBXFileReference; lastKnownFileType = file.storyboard; name = Base; path = Base.lproj/LaunchScreen.storyboard; sourceTree = "<group>"; };
		FADC944A2600562300C9D671 /* Info.plist */ = {isa = PBXFileReference; lastKnownFileType = text.plist.xml; path = Info.plist; sourceTree = "<group>"; };
		FADC9455260056CF00C9D671 /* HomeViewController.swift */ = {isa = PBXFileReference; lastKnownFileType = sourcecode.swift; path = HomeViewController.swift; sourceTree = "<group>"; };
		FADC9457260056E200C9D671 /* Home.storyboard */ = {isa = PBXFileReference; lastKnownFileType = file.storyboard; path = Home.storyboard; sourceTree = "<group>"; };
		FADC945A26008C1900C9D671 /* DetailsViewController.swift */ = {isa = PBXFileReference; lastKnownFileType = sourcecode.swift; path = DetailsViewController.swift; sourceTree = "<group>"; };
		FADC945C26008C3300C9D671 /* Details.storyboard */ = {isa = PBXFileReference; lastKnownFileType = file.storyboard; path = Details.storyboard; sourceTree = "<group>"; };
		FADC945E26018AE800C9D671 /* UIView+Extension.swift */ = {isa = PBXFileReference; lastKnownFileType = sourcecode.swift; path = "UIView+Extension.swift"; sourceTree = "<group>"; };
/* End PBXFileReference section */

/* Begin PBXFrameworksBuildPhase section */
		FADC94362600561D00C9D671 /* Frameworks */ = {
			isa = PBXFrameworksBuildPhase;
			buildActionMask = 2147483647;
			files = (
			);
			runOnlyForDeploymentPostprocessing = 0;
		};
/* End PBXFrameworksBuildPhase section */

/* Begin PBXGroup section */
		FA03DE172601E74700285D05 /* Views */ = {
			isa = PBXGroup;
			children = (
				FA03DE202602006700285D05 /* CustomCollectionViewCell.swift */,
				FA03DE212602006700285D05 /* CustomCollectionViewCell.xib */,
			);
			path = Views;
			sourceTree = "<group>";
		};
		FADC94302600561D00C9D671 = {
			isa = PBXGroup;
			children = (
				FADC943B2600561D00C9D671 /* W1-Project-Gumi */,
				FADC943A2600561D00C9D671 /* Products */,
			);
			sourceTree = "<group>";
		};
		FADC943A2600561D00C9D671 /* Products */ = {
			isa = PBXGroup;
			children = (
				FADC94392600561D00C9D671 /* W1-Project-Gumi.app */,
			);
			name = Products;
			sourceTree = "<group>";
		};
		FADC943B2600561D00C9D671 /* W1-Project-Gumi */ = {
			isa = PBXGroup;
			children = (
				FADC94532600569400C9D671 /* Data */,
				FADC94522600568C00C9D671 /* API */,
				FADC94512600566D00C9D671 /* Extensions */,
				FADC94502600566100C9D671 /* UI */,
				FADC943C2600561D00C9D671 /* AppDelegate.swift */,
				FADC943E2600561D00C9D671 /* SceneDelegate.swift */,
				FADC94452600562300C9D671 /* Assets.xcassets */,
				FADC94472600562300C9D671 /* LaunchScreen.storyboard */,
				FADC944A2600562300C9D671 /* Info.plist */,
			);
			path = "W1-Project-Gumi";
			sourceTree = "<group>";
		};
		FADC94502600566100C9D671 /* UI */ = {
			isa = PBXGroup;
			children = (
				FADC945926008BD700C9D671 /* DetailsView */,
				FADC94542600569F00C9D671 /* HomeView */,
			);
			path = UI;
			sourceTree = "<group>";
		};
		FADC94512600566D00C9D671 /* Extensions */ = {
			isa = PBXGroup;
			children = (
				FADC945E26018AE800C9D671 /* UIView+Extension.swift */,
			);
			path = Extensions;
			sourceTree = "<group>";
		};
		FADC94522600568C00C9D671 /* API */ = {
			isa = PBXGroup;
			children = (
			);
			path = API;
			sourceTree = "<group>";
		};
		FADC94532600569400C9D671 /* Data */ = {
			isa = PBXGroup;
			children = (
				FA03DE122601A7B300285D05 /* CommonModels.swift */,
			);
			path = Data;
			sourceTree = "<group>";
		};
		FADC94542600569F00C9D671 /* HomeView */ = {
			isa = PBXGroup;
			children = (
				FA03DE172601E74700285D05 /* Views */,
				FADC9455260056CF00C9D671 /* HomeViewController.swift */,
				FADC9457260056E200C9D671 /* Home.storyboard */,
			);
			path = HomeView;
			sourceTree = "<group>";
		};
		FADC945926008BD700C9D671 /* DetailsView */ = {
			isa = PBXGroup;
			children = (
				FADC945A26008C1900C9D671 /* DetailsViewController.swift */,
				FADC945C26008C3300C9D671 /* Details.storyboard */,
			);
			path = DetailsView;
			sourceTree = "<group>";
		};
/* End PBXGroup section */

/* Begin PBXNativeTarget section */
		FADC94382600561D00C9D671 /* W1-Project-Gumi */ = {
			isa = PBXNativeTarget;
			buildConfigurationList = FADC944D2600562300C9D671 /* Build configuration list for PBXNativeTarget "W1-Project-Gumi" */;
			buildPhases = (
				FADC94352600561D00C9D671 /* Sources */,
				FADC94362600561D00C9D671 /* Frameworks */,
				FADC94372600561D00C9D671 /* Resources */,
			);
			buildRules = (
			);
			dependencies = (
			);
			name = "W1-Project-Gumi";
			productName = "W1-Project-Gumi";
			productReference = FADC94392600561D00C9D671 /* W1-Project-Gumi.app */;
			productType = "com.apple.product-type.application";
		};
/* End PBXNativeTarget section */

/* Begin PBXProject section */
		FADC94312600561D00C9D671 /* Project object */ = {
			isa = PBXProject;
			attributes = {
				LastSwiftUpdateCheck = 1150;
				LastUpgradeCheck = 1150;
				ORGANIZATIONNAME = "Khanh Vuong";
				TargetAttributes = {
					FADC94382600561D00C9D671 = {
						CreatedOnToolsVersion = 11.5;
					};
				};
			};
			buildConfigurationList = FADC94342600561D00C9D671 /* Build configuration list for PBXProject "W1-Project-Gumi" */;
			compatibilityVersion = "Xcode 9.3";
			developmentRegion = en;
			hasScannedForEncodings = 0;
			knownRegions = (
				en,
				Base,
			);
			mainGroup = FADC94302600561D00C9D671;
			productRefGroup = FADC943A2600561D00C9D671 /* Products */;
			projectDirPath = "";
			projectRoot = "";
			targets = (
				FADC94382600561D00C9D671 /* W1-Project-Gumi */,
			);
		};
/* End PBXProject section */

/* Begin PBXResourcesBuildPhase section */
		FADC94372600561D00C9D671 /* Resources */ = {
			isa = PBXResourcesBuildPhase;
			buildActionMask = 2147483647;
			files = (
				FADC9458260056E200C9D671 /* Home.storyboard in Resources */,
				FADC94492600562300C9D671 /* LaunchScreen.storyboard in Resources */,
				FADC94462600562300C9D671 /* Assets.xcassets in Resources */,
				FA03DE232602006700285D05 /* CustomCollectionViewCell.xib in Resources */,
				FADC945D26008C3300C9D671 /* Details.storyboard in Resources */,
			);
			runOnlyForDeploymentPostprocessing = 0;
		};
/* End PBXResourcesBuildPhase section */

/* Begin PBXSourcesBuildPhase section */
		FADC94352600561D00C9D671 /* Sources */ = {
			isa = PBXSourcesBuildPhase;
			buildActionMask = 2147483647;
			files = (
				FADC943D2600561D00C9D671 /* AppDelegate.swift in Sources */,
				FA03DE222602006700285D05 /* CustomCollectionViewCell.swift in Sources */,
				FADC943F2600561D00C9D671 /* SceneDelegate.swift in Sources */,
				FADC9456260056CF00C9D671 /* HomeViewController.swift in Sources */,
				FADC945F26018AE800C9D671 /* UIView+Extension.swift in Sources */,
				FA03DE132601A7B300285D05 /* CommonModels.swift in Sources */,
				FADC945B26008C1900C9D671 /* DetailsViewController.swift in Sources */,
			);
			runOnlyForDeploymentPostprocessing = 0;
		};
/* End PBXSourcesBuildPhase section */

/* Begin PBXVariantGroup section */
		FADC94472600562300C9D671 /* LaunchScreen.storyboard */ = {
			isa = PBXVariantGroup;
			children = (
				FADC94482600562300C9D671 /* Base */,
			);
			name = LaunchScreen.storyboard;
			sourceTree = "<group>";
		};
/* End PBXVariantGroup section */

/* Begin XCBuildConfiguration section */
		FADC944B2600562300C9D671 /* Debug */ = {
			isa = XCBuildConfiguration;
			buildSettings = {
				ALWAYS_SEARCH_USER_PATHS = NO;
				CLANG_ANALYZER_NONNULL = YES;
				CLANG_ANALYZER_NUMBER_OBJECT_CONVERSION = YES_AGGRESSIVE;
				CLANG_CXX_LANGUAGE_STANDARD = "gnu++14";
				CLANG_CXX_LIBRARY = "libc++";
				CLANG_ENABLE_MODULES = YES;
				CLANG_ENABLE_OBJC_ARC = YES;
				CLANG_ENABLE_OBJC_WEAK = YES;
				CLANG_WARN_BLOCK_CAPTURE_AUTORELEASING = YES;
				CLANG_WARN_BOOL_CONVERSION = YES;
				CLANG_WARN_COMMA = YES;
				CLANG_WARN_CONSTANT_CONVERSION = YES;
				CLANG_WARN_DEPRECATED_OBJC_IMPLEMENTATIONS = YES;
				CLANG_WARN_DIRECT_OBJC_ISA_USAGE = YES_ERROR;
				CLANG_WARN_DOCUMENTATION_COMMENTS = YES;
				CLANG_WARN_EMPTY_BODY = YES;
				CLANG_WARN_ENUM_CONVERSION = YES;
				CLANG_WARN_INFINITE_RECURSION = YES;
				CLANG_WARN_INT_CONVERSION = YES;
				CLANG_WARN_NON_LITERAL_NULL_CONVERSION = YES;
				CLANG_WARN_OBJC_IMPLICIT_RETAIN_SELF = YES;
				CLANG_WARN_OBJC_LITERAL_CONVERSION = YES;
				CLANG_WARN_OBJC_ROOT_CLASS = YES_ERROR;
				CLANG_WARN_RANGE_LOOP_ANALYSIS = YES;
				CLANG_WARN_STRICT_PROTOTYPES = YES;
				CLANG_WARN_SUSPICIOUS_MOVE = YES;
				CLANG_WARN_UNGUARDED_AVAILABILITY = YES_AGGRESSIVE;
				CLANG_WARN_UNREACHABLE_CODE = YES;
				CLANG_WARN__DUPLICATE_METHOD_MATCH = YES;
				COPY_PHASE_STRIP = NO;
				DEBUG_INFORMATION_FORMAT = dwarf;
				ENABLE_STRICT_OBJC_MSGSEND = YES;
				ENABLE_TESTABILITY = YES;
				GCC_C_LANGUAGE_STANDARD = gnu11;
				GCC_DYNAMIC_NO_PIC = NO;
				GCC_NO_COMMON_BLOCKS = YES;
				GCC_OPTIMIZATION_LEVEL = 0;
				GCC_PREPROCESSOR_DEFINITIONS = (
					"DEBUG=1",
					"$(inherited)",
				);
				GCC_WARN_64_TO_32_BIT_CONVERSION = YES;
				GCC_WARN_ABOUT_RETURN_TYPE = YES_ERROR;
				GCC_WARN_UNDECLARED_SELECTOR = YES;
				GCC_WARN_UNINITIALIZED_AUTOS = YES_AGGRESSIVE;
				GCC_WARN_UNUSED_FUNCTION = YES;
				GCC_WARN_UNUSED_VARIABLE = YES;
				IPHONEOS_DEPLOYMENT_TARGET = 13.5;
				MTL_ENABLE_DEBUG_INFO = INCLUDE_SOURCE;
				MTL_FAST_MATH = YES;
				ONLY_ACTIVE_ARCH = YES;
				SDKROOT = iphoneos;
				SWIFT_ACTIVE_COMPILATION_CONDITIONS = DEBUG;
				SWIFT_OPTIMIZATION_LEVEL = "-Onone";
			};
			name = Debug;
		};
		FADC944C2600562300C9D671 /* Release */ = {
			isa = XCBuildConfiguration;
			buildSettings = {
				ALWAYS_SEARCH_USER_PATHS = NO;
				CLANG_ANALYZER_NONNULL = YES;
				CLANG_ANALYZER_NUMBER_OBJECT_CONVERSION = YES_AGGRESSIVE;
				CLANG_CXX_LANGUAGE_STANDARD = "gnu++14";
				CLANG_CXX_LIBRARY = "libc++";
				CLANG_ENABLE_MODULES = YES;
				CLANG_ENABLE_OBJC_ARC = YES;
				CLANG_ENABLE_OBJC_WEAK = YES;
				CLANG_WARN_BLOCK_CAPTURE_AUTORELEASING = YES;
				CLANG_WARN_BOOL_CONVERSION = YES;
				CLANG_WARN_COMMA = YES;
				CLANG_WARN_CONSTANT_CONVERSION = YES;
				CLANG_WARN_DEPRECATED_OBJC_IMPLEMENTATIONS = YES;
				CLANG_WARN_DIRECT_OBJC_ISA_USAGE = YES_ERROR;
				CLANG_WARN_DOCUMENTATION_COMMENTS = YES;
				CLANG_WARN_EMPTY_BODY = YES;
				CLANG_WARN_ENUM_CONVERSION = YES;
				CLANG_WARN_INFINITE_RECURSION = YES;
				CLANG_WARN_INT_CONVERSION = YES;
				CLANG_WARN_NON_LITERAL_NULL_CONVERSION = YES;
				CLANG_WARN_OBJC_IMPLICIT_RETAIN_SELF = YES;
				CLANG_WARN_OBJC_LITERAL_CONVERSION = YES;
				CLANG_WARN_OBJC_ROOT_CLASS = YES_ERROR;
				CLANG_WARN_RANGE_LOOP_ANALYSIS = YES;
				CLANG_WARN_STRICT_PROTOTYPES = YES;
				CLANG_WARN_SUSPICIOUS_MOVE = YES;
				CLANG_WARN_UNGUARDED_AVAILABILITY = YES_AGGRESSIVE;
				CLANG_WARN_UNREACHABLE_CODE = YES;
				CLANG_WARN__DUPLICATE_METHOD_MATCH = YES;
				COPY_PHASE_STRIP = NO;
				DEBUG_INFORMATION_FORMAT = "dwarf-with-dsym";
				ENABLE_NS_ASSERTIONS = NO;
				ENABLE_STRICT_OBJC_MSGSEND = YES;
				GCC_C_LANGUAGE_STANDARD = gnu11;
				GCC_NO_COMMON_BLOCKS = YES;
				GCC_WARN_64_TO_32_BIT_CONVERSION = YES;
				GCC_WARN_ABOUT_RETURN_TYPE = YES_ERROR;
				GCC_WARN_UNDECLARED_SELECTOR = YES;
				GCC_WARN_UNINITIALIZED_AUTOS = YES_AGGRESSIVE;
				GCC_WARN_UNUSED_FUNCTION = YES;
				GCC_WARN_UNUSED_VARIABLE = YES;
				IPHONEOS_DEPLOYMENT_TARGET = 13.5;
				MTL_ENABLE_DEBUG_INFO = NO;
				MTL_FAST_MATH = YES;
				SDKROOT = iphoneos;
				SWIFT_COMPILATION_MODE = wholemodule;
				SWIFT_OPTIMIZATION_LEVEL = "-O";
				VALIDATE_PRODUCT = YES;
			};
			name = Release;
		};
		FADC944E2600562300C9D671 /* Debug */ = {
			isa = XCBuildConfiguration;
			buildSettings = {
				ASSETCATALOG_COMPILER_APPICON_NAME = AppIcon;
				CODE_SIGN_STYLE = Automatic;
				INFOPLIST_FILE = "W1-Project-Gumi/Info.plist";
				LD_RUNPATH_SEARCH_PATHS = (
					"$(inherited)",
					"@executable_path/Frameworks",
				);
				PRODUCT_BUNDLE_IDENTIFIER = "gumivietnam.W1-Project-Gumi";
				PRODUCT_NAME = "$(TARGET_NAME)";
				SWIFT_VERSION = 5.0;
				TARGETED_DEVICE_FAMILY = "1,2";
			};
			name = Debug;
		};
		FADC944F2600562300C9D671 /* Release */ = {
			isa = XCBuildConfiguration;
			buildSettings = {
				ASSETCATALOG_COMPILER_APPICON_NAME = AppIcon;
				CODE_SIGN_STYLE = Automatic;
				INFOPLIST_FILE = "W1-Project-Gumi/Info.plist";
				LD_RUNPATH_SEARCH_PATHS = (
					"$(inherited)",
					"@executable_path/Frameworks",
				);
				PRODUCT_BUNDLE_IDENTIFIER = "gumivietnam.W1-Project-Gumi";
				PRODUCT_NAME = "$(TARGET_NAME)";
				SWIFT_VERSION = 5.0;
				TARGETED_DEVICE_FAMILY = "1,2";
			};
			name = Release;
		};
/* End XCBuildConfiguration section */

/* Begin XCConfigurationList section */
		FADC94342600561D00C9D671 /* Build configuration list for PBXProject "W1-Project-Gumi" */ = {
			isa = XCConfigurationList;
			buildConfigurations = (
				FADC944B2600562300C9D671 /* Debug */,
				FADC944C2600562300C9D671 /* Release */,
			);
			defaultConfigurationIsVisible = 0;
			defaultConfigurationName = Release;
		};
		FADC944D2600562300C9D671 /* Build configuration list for PBXNativeTarget "W1-Project-Gumi" */ = {
			isa = XCConfigurationList;
			buildConfigurations = (
				FADC944E2600562300C9D671 /* Debug */,
				FADC944F2600562300C9D671 /* Release */,
			);
			defaultConfigurationIsVisible = 0;
			defaultConfigurationName = Release;
		};
/* End XCConfigurationList section */
	};
	rootObject = FADC94312600561D00C9D671 /* Project object */;
}
